
Microsoft Visual Studio Solution File, Format Version 12.00
# Visual Studio 15
VisualStudioVersion = 15.0.27703.2035
MinimumVisualStudioVersion = 10.0.40219.1
Project("{FAE04EC0-301F-11D3-BF4B-00C04F79EFBC}") = "HelloWorld", "HelloWorld\HelloWorld.csproj", "{CE126EBA-5C5B-4BE8-8DAA-5C908505F34F}"
EndProject
Global
	GlobalSection(SolutionConfigurationPlatforms) = preSolution
		Debug|Any CPU = Debug|Any CPU
		Release|Any CPU = Release|Any CPU
	EndGlobalSection
	GlobalSection(ProjectConfigurationPlatforms) = postSolution
		{CE126EBA-5C5B-4BE8-8DAA-5C908505F34F}.Debug|Any CPU.ActiveCfg = Debug|Any CPU
		{CE126EBA-5C5B-4BE8-8DAA-5C908505F34F}.Debug|Any CPU.Build.0 = Debug|Any CPU
		{CE126EBA-5C5B-4BE8-8DAA-5C908505F34F}.Release|Any CPU.ActiveCfg = Release|Any CPU
		{CE126EBA-5C5B-4BE8-8DAA-5C908505F34F}.Release|Any CPU.Build.0 = Release|Any CPU
	EndGlobalSection
	GlobalSection(SolutionProperties) = preSolution
		HideSolutionNode = FALSE
	EndGlobalSection
	GlobalSection(ExtensibilityGlobals) = postSolution
		SolutionGuid = {9FD6A8A6-95EC-4038-9C0D-B52B23E2DD6E}
	EndGlobalSection
EndGlobal
